
Microsoft Visual Studio Solution File, Format Version 12.00
# Visual Studio Version 16
VisualStudioVersion = 16.0.29905.134
MinimumVisualStudioVersion = 10.0.40219.1
Project("{2150E333-8FDC-42A3-9474-1A3956D46DE8}") = "1 - API", "1 - API", "{CC565979-0D4B-4104-AC03-9368E660E75F}"
EndProject
Project("{2150E333-8FDC-42A3-9474-1A3956D46DE8}") = "3 - Domain", "3 - Domain", "{7D970AB5-CCF0-4C61-B357-E33F533E743C}"
EndProject
Project("{2150E333-8FDC-42A3-9474-1A3956D46DE8}") = "2 - Application", "2 - Application", "{1189D313-7865-4AD9-BD3C-6BD657BB39E0}"
EndProject
Project("{2150E333-8FDC-42A3-9474-1A3956D46DE8}") = "4 - Infra", "4 - Infra", "{4FC66E93-C6E3-4FB1-B77E-98286CCAFA3B}"
EndProject
Project("{9A19103F-16F7-4668-BE54-9A1E7A4F7556}") = "Censo.Domain.Core", "src\Censo.Domain.Core\Censo.Domain.Core.csproj", "{08C00E39-124F-4383-AD7F-8E96A125A08E}"
EndProject
Project("{9A19103F-16F7-4668-BE54-9A1E7A4F7556}") = "Censo.API", "src\Censo.API\Censo.API.csproj", "{2A55697F-A1EE-4A0B-A97A-2E7059F59197}"
EndProject
Project("{9A19103F-16F7-4668-BE54-9A1E7A4F7556}") = "Censo.Application", "src\Censo.Application\Censo.Application.csproj", "{1210F584-3CFA-445E-8FEF-057EC2D7826A}"
EndProject
Project("{2150E333-8FDC-42A3-9474-1A3956D46DE8}") = "4.2 - CrossCutting", "4.2 - CrossCutting", "{BA9381BD-97B4-4FC2-96A5-C947C19AC499}"
EndProject
Project("{2150E333-8FDC-42A3-9474-1A3956D46DE8}") = "4.1 - Data", "4.1 - Data", "{F751A3BE-A74A-45B4-8E6C-59B37B4FDFB7}"
EndProject
Project("{9A19103F-16F7-4668-BE54-9A1E7A4F7556}") = "Censo.Infra.Data.Repository", "src\Censo.Infra.Data.Repository\Censo.Infra.Data.Repository.csproj", "{3889C4D5-11EB-4020-804A-AC5EEA6E82C8}"
EndProject
Project("{9A19103F-16F7-4668-BE54-9A1E7A4F7556}") = "Censo.Infra.CrossCutting.IoC", "src\Censo.Infra.CrossCutting.IoC\Censo.Infra.CrossCutting.IoC.csproj", "{2B826B50-0FE0-474F-84A8-3B560DD041BD}"
EndProject
Project("{2150E333-8FDC-42A3-9474-1A3956D46DE8}") = "5 - Tests", "5 - Tests", "{58DC59E3-F400-4E61-8617-7B4700627E9C}"
EndProject
Project("{2150E333-8FDC-42A3-9474-1A3956D46DE8}") = "5.1 - Unit", "5.1 - Unit", "{4A8DDFCC-86B3-4D69-BDB3-5BA7A57560BD}"
EndProject
Project("{2150E333-8FDC-42A3-9474-1A3956D46DE8}") = "5.2 - Intregation", "5.2 - Intregation", "{39D7B7A8-2C75-4483-8618-0DE77B3FFA34}"
EndProject
Global
	GlobalSection(SolutionConfigurationPlatforms) = preSolution
		Debug|Any CPU = Debug|Any CPU
		Release|Any CPU = Release|Any CPU
	EndGlobalSection
	GlobalSection(ProjectConfigurationPlatforms) = postSolution
		{08C00E39-124F-4383-AD7F-8E96A125A08E}.Debug|Any CPU.ActiveCfg = Debug|Any CPU
		{08C00E39-124F-4383-AD7F-8E96A125A08E}.Debug|Any CPU.Build.0 = Debug|Any CPU
		{08C00E39-124F-4383-AD7F-8E96A125A08E}.Release|Any CPU.ActiveCfg = Release|Any CPU
		{08C00E39-124F-4383-AD7F-8E96A125A08E}.Release|Any CPU.Build.0 = Release|Any CPU
		{2A55697F-A1EE-4A0B-A97A-2E7059F59197}.Debug|Any CPU.ActiveCfg = Debug|Any CPU
		{2A55697F-A1EE-4A0B-A97A-2E7059F59197}.Debug|Any CPU.Build.0 = Debug|Any CPU
		{2A55697F-A1EE-4A0B-A97A-2E7059F59197}.Release|Any CPU.ActiveCfg = Release|Any CPU
		{2A55697F-A1EE-4A0B-A97A-2E7059F59197}.Release|Any CPU.Build.0 = Release|Any CPU
		{1210F584-3CFA-445E-8FEF-057EC2D7826A}.Debug|Any CPU.ActiveCfg = Debug|Any CPU
		{1210F584-3CFA-445E-8FEF-057EC2D7826A}.Debug|Any CPU.Build.0 = Debug|Any CPU
		{1210F584-3CFA-445E-8FEF-057EC2D7826A}.Release|Any CPU.ActiveCfg = Release|Any CPU
		{1210F584-3CFA-445E-8FEF-057EC2D7826A}.Release|Any CPU.Build.0 = Release|Any CPU
		{3889C4D5-11EB-4020-804A-AC5EEA6E82C8}.Debug|Any CPU.ActiveCfg = Debug|Any CPU
		{3889C4D5-11EB-4020-804A-AC5EEA6E82C8}.Debug|Any CPU.Build.0 = Debug|Any CPU
		{3889C4D5-11EB-4020-804A-AC5EEA6E82C8}.Release|Any CPU.ActiveCfg = Release|Any CPU
		{3889C4D5-11EB-4020-804A-AC5EEA6E82C8}.Release|Any CPU.Build.0 = Release|Any CPU
		{2B826B50-0FE0-474F-84A8-3B560DD041BD}.Debug|Any CPU.ActiveCfg = Debug|Any CPU
		{2B826B50-0FE0-474F-84A8-3B560DD041BD}.Debug|Any CPU.Build.0 = Debug|Any CPU
		{2B826B50-0FE0-474F-84A8-3B560DD041BD}.Release|Any CPU.ActiveCfg = Release|Any CPU
		{2B826B50-0FE0-474F-84A8-3B560DD041BD}.Release|Any CPU.Build.0 = Release|Any CPU
	EndGlobalSection
	GlobalSection(SolutionProperties) = preSolution
		HideSolutionNode = FALSE
	EndGlobalSection
	GlobalSection(NestedProjects) = preSolution
		{08C00E39-124F-4383-AD7F-8E96A125A08E} = {7D970AB5-CCF0-4C61-B357-E33F533E743C}
		{2A55697F-A1EE-4A0B-A97A-2E7059F59197} = {CC565979-0D4B-4104-AC03-9368E660E75F}
		{1210F584-3CFA-445E-8FEF-057EC2D7826A} = {1189D313-7865-4AD9-BD3C-6BD657BB39E0}
		{BA9381BD-97B4-4FC2-96A5-C947C19AC499} = {4FC66E93-C6E3-4FB1-B77E-98286CCAFA3B}
		{F751A3BE-A74A-45B4-8E6C-59B37B4FDFB7} = {4FC66E93-C6E3-4FB1-B77E-98286CCAFA3B}
		{3889C4D5-11EB-4020-804A-AC5EEA6E82C8} = {F751A3BE-A74A-45B4-8E6C-59B37B4FDFB7}
		{2B826B50-0FE0-474F-84A8-3B560DD041BD} = {BA9381BD-97B4-4FC2-96A5-C947C19AC499}
		{4A8DDFCC-86B3-4D69-BDB3-5BA7A57560BD} = {58DC59E3-F400-4E61-8617-7B4700627E9C}
		{39D7B7A8-2C75-4483-8618-0DE77B3FFA34} = {58DC59E3-F400-4E61-8617-7B4700627E9C}
	EndGlobalSection
	GlobalSection(ExtensibilityGlobals) = postSolution
		SolutionGuid = {4BFFF872-CE67-408F-8CA1-7720025E0152}
	EndGlobalSection
EndGlobal
